// !$*UTF8*$!
{
	archiveVersion = 1;
	classes = {
	};
	objectVersion = 50;
	objects = {

/* Begin PBXBuildFile section */
		4771F1D5347EABAE244D6D2C /* Pods_iDinnerUITests.framework in Frameworks */ = {isa = PBXBuildFile; fileRef = DDDFBF0186CD6CC2D77D8AA2 /* Pods_iDinnerUITests.framework */; };
		5D48D87921E9530300BBE88D /* UsersUpdateViewController.swift in Sources */ = {isa = PBXBuildFile; fileRef = 5D48D87721E9530300BBE88D /* UsersUpdateViewController.swift */; };
		5D48D87A21E9530300BBE88D /* UsersUpdateViewController.xib in Resources */ = {isa = PBXBuildFile; fileRef = 5D48D87821E9530300BBE88D /* UsersUpdateViewController.xib */; };
		5DE627DB21E9044B0075120E /* UserEntity.swift in Sources */ = {isa = PBXBuildFile; fileRef = 5DE627DA21E9044B0075120E /* UserEntity.swift */; };
		5DE627E121E912590075120E /* ShowListsTableViewCell.swift in Sources */ = {isa = PBXBuildFile; fileRef = 5DE627DF21E912590075120E /* ShowListsTableViewCell.swift */; };
		5DE627E221E912590075120E /* ShowListsTableViewCell.xib in Resources */ = {isa = PBXBuildFile; fileRef = 5DE627E021E912590075120E /* ShowListsTableViewCell.xib */; };
		5DE627E521E91F0E0075120E /* Repository.swift in Sources */ = {isa = PBXBuildFile; fileRef = 5DE627E421E91F0E0075120E /* Repository.swift */; };
		5DE627E721E91F410075120E /* UserRepository.swift in Sources */ = {isa = PBXBuildFile; fileRef = 5DE627E621E91F410075120E /* UserRepository.swift */; };
		827306B45BB3BC03D1F10C5E /* Pods_iDinnerTests.framework in Frameworks */ = {isa = PBXBuildFile; fileRef = EE1F5CEE049D8ECC3F840B39 /* Pods_iDinnerTests.framework */; };
		841EF64621DBBFDC0072C511 /* AppDelegate.swift in Sources */ = {isa = PBXBuildFile; fileRef = 841EF64521DBBFDC0072C511 /* AppDelegate.swift */; };
		841EF64D21DBBFDE0072C511 /* Assets.xcassets in Resources */ = {isa = PBXBuildFile; fileRef = 841EF64C21DBBFDE0072C511 /* Assets.xcassets */; };
		841EF65021DBBFDE0072C511 /* LaunchScreen.storyboard in Resources */ = {isa = PBXBuildFile; fileRef = 841EF64E21DBBFDE0072C511 /* LaunchScreen.storyboard */; };
		841EF65B21DBBFDE0072C511 /* iDinnerTests.swift in Sources */ = {isa = PBXBuildFile; fileRef = 841EF65A21DBBFDE0072C511 /* iDinnerTests.swift */; };
		841EF66621DBBFDE0072C511 /* iDinnerUITests.swift in Sources */ = {isa = PBXBuildFile; fileRef = 841EF66521DBBFDE0072C511 /* iDinnerUITests.swift */; };
		841EF67521DBC0160072C511 /* MainViewController.swift in Sources */ = {isa = PBXBuildFile; fileRef = 841EF67321DBC0160072C511 /* MainViewController.swift */; };
		841EF67621DBC0160072C511 /* MainViewController.xib in Resources */ = {isa = PBXBuildFile; fileRef = 841EF67421DBC0160072C511 /* MainViewController.xib */; };
		841EF67921DBD0810072C511 /* Group.swift in Sources */ = {isa = PBXBuildFile; fileRef = 841EF67821DBD0810072C511 /* Group.swift */; };
		841EF67B21DBD0AD0072C511 /* Menu.swift in Sources */ = {isa = PBXBuildFile; fileRef = 841EF67A21DBD0AD0072C511 /* Menu.swift */; };
		841EF67D21DBD0EA0072C511 /* User.swift in Sources */ = {isa = PBXBuildFile; fileRef = 841EF67C21DBD0EA0072C511 /* User.swift */; };
		841EF68321DBD4290072C511 /* MainTableViewCell.swift in Sources */ = {isa = PBXBuildFile; fileRef = 841EF68121DBD4290072C511 /* MainTableViewCell.swift */; };
		841EF68421DBD4290072C511 /* MainTableViewCell.xib in Resources */ = {isa = PBXBuildFile; fileRef = 841EF68221DBD4290072C511 /* MainTableViewCell.xib */; };
		841EF68E21DBDA5C0072C511 /* UsersViewController.swift in Sources */ = {isa = PBXBuildFile; fileRef = 841EF68C21DBDA5C0072C511 /* UsersViewController.swift */; };
		841EF68F21DBDA5C0072C511 /* UsersViewController.xib in Resources */ = {isa = PBXBuildFile; fileRef = 841EF68D21DBDA5C0072C511 /* UsersViewController.xib */; };
		84C0D65D21E2762B00474B42 /* UsersAddViewController.swift in Sources */ = {isa = PBXBuildFile; fileRef = 84C0D65B21E2762B00474B42 /* UsersAddViewController.swift */; };
		84C0D65E21E2762B00474B42 /* UsersAddViewController.xib in Resources */ = {isa = PBXBuildFile; fileRef = 84C0D65C21E2762B00474B42 /* UsersAddViewController.xib */; };
		84C0D66521E2769A00474B42 /* UsersShowViewController.swift in Sources */ = {isa = PBXBuildFile; fileRef = 84C0D66321E2769A00474B42 /* UsersShowViewController.swift */; };
		84C0D66621E2769A00474B42 /* UsersShowViewController.xib in Resources */ = {isa = PBXBuildFile; fileRef = 84C0D66421E2769A00474B42 /* UsersShowViewController.xib */; };
		D35E8891805ED9082533FFBF /* Pods_iDinner.framework in Frameworks */ = {isa = PBXBuildFile; fileRef = EDB382B271C4562D884D4DA2 /* Pods_iDinner.framework */; };
/* End PBXBuildFile section */

/* Begin PBXContainerItemProxy section */
		841EF65721DBBFDE0072C511 /* PBXContainerItemProxy */ = {
			isa = PBXContainerItemProxy;
			containerPortal = 841EF63A21DBBFDC0072C511 /* Project object */;
			proxyType = 1;
			remoteGlobalIDString = 841EF64121DBBFDC0072C511;
			remoteInfo = iDinner;
		};
		841EF66221DBBFDE0072C511 /* PBXContainerItemProxy */ = {
			isa = PBXContainerItemProxy;
			containerPortal = 841EF63A21DBBFDC0072C511 /* Project object */;
			proxyType = 1;
			remoteGlobalIDString = 841EF64121DBBFDC0072C511;
			remoteInfo = iDinner;
		};
/* End PBXContainerItemProxy section */

/* Begin PBXFileReference section */
		19FC9805354208EB6BA9E4E4 /* Pods-iDinnerTests.release.xcconfig */ = {isa = PBXFileReference; includeInIndex = 1; lastKnownFileType = text.xcconfig; name = "Pods-iDinnerTests.release.xcconfig"; path = "Pods/Target Support Files/Pods-iDinnerTests/Pods-iDinnerTests.release.xcconfig"; sourceTree = "<group>"; };
		546EA43354AB103BC613FEBD /* Pods-iDinnerUITests.release.xcconfig */ = {isa = PBXFileReference; includeInIndex = 1; lastKnownFileType = text.xcconfig; name = "Pods-iDinnerUITests.release.xcconfig"; path = "Pods/Target Support Files/Pods-iDinnerUITests/Pods-iDinnerUITests.release.xcconfig"; sourceTree = "<group>"; };
		5D48D87721E9530300BBE88D /* UsersUpdateViewController.swift */ = {isa = PBXFileReference; lastKnownFileType = sourcecode.swift; path = UsersUpdateViewController.swift; sourceTree = "<group>"; };
		5D48D87821E9530300BBE88D /* UsersUpdateViewController.xib */ = {isa = PBXFileReference; lastKnownFileType = file.xib; path = UsersUpdateViewController.xib; sourceTree = "<group>"; };
		5DE627DA21E9044B0075120E /* UserEntity.swift */ = {isa = PBXFileReference; lastKnownFileType = sourcecode.swift; path = UserEntity.swift; sourceTree = "<group>"; };
		5DE627DF21E912590075120E /* ShowListsTableViewCell.swift */ = {isa = PBXFileReference; lastKnownFileType = sourcecode.swift; path = ShowListsTableViewCell.swift; sourceTree = "<group>"; };
		5DE627E021E912590075120E /* ShowListsTableViewCell.xib */ = {isa = PBXFileReference; lastKnownFileType = file.xib; path = ShowListsTableViewCell.xib; sourceTree = "<group>"; };
		5DE627E421E91F0E0075120E /* Repository.swift */ = {isa = PBXFileReference; lastKnownFileType = sourcecode.swift; path = Repository.swift; sourceTree = "<group>"; };
		5DE627E621E91F410075120E /* UserRepository.swift */ = {isa = PBXFileReference; lastKnownFileType = sourcecode.swift; path = UserRepository.swift; sourceTree = "<group>"; };
		7A9FF1DA407CB541072C2A65 /* Pods-iDinner.release.xcconfig */ = {isa = PBXFileReference; includeInIndex = 1; lastKnownFileType = text.xcconfig; name = "Pods-iDinner.release.xcconfig"; path = "Pods/Target Support Files/Pods-iDinner/Pods-iDinner.release.xcconfig"; sourceTree = "<group>"; };
		7CB54A8299F18415057F3AF5 /* Pods-iDinnerUITests.debug.xcconfig */ = {isa = PBXFileReference; includeInIndex = 1; lastKnownFileType = text.xcconfig; name = "Pods-iDinnerUITests.debug.xcconfig"; path = "Pods/Target Support Files/Pods-iDinnerUITests/Pods-iDinnerUITests.debug.xcconfig"; sourceTree = "<group>"; };
		841EF64221DBBFDC0072C511 /* iDinner.app */ = {isa = PBXFileReference; explicitFileType = wrapper.application; includeInIndex = 0; path = iDinner.app; sourceTree = BUILT_PRODUCTS_DIR; };
		841EF64521DBBFDC0072C511 /* AppDelegate.swift */ = {isa = PBXFileReference; lastKnownFileType = sourcecode.swift; path = AppDelegate.swift; sourceTree = "<group>"; };
		841EF64C21DBBFDE0072C511 /* Assets.xcassets */ = {isa = PBXFileReference; lastKnownFileType = folder.assetcatalog; path = Assets.xcassets; sourceTree = "<group>"; };
		841EF64F21DBBFDE0072C511 /* Base */ = {isa = PBXFileReference; lastKnownFileType = file.storyboard; name = Base; path = Base.lproj/LaunchScreen.storyboard; sourceTree = "<group>"; };
		841EF65121DBBFDE0072C511 /* Info.plist */ = {isa = PBXFileReference; lastKnownFileType = text.plist.xml; path = Info.plist; sourceTree = "<group>"; };
		841EF65621DBBFDE0072C511 /* iDinnerTests.xctest */ = {isa = PBXFileReference; explicitFileType = wrapper.cfbundle; includeInIndex = 0; path = iDinnerTests.xctest; sourceTree = BUILT_PRODUCTS_DIR; };
		841EF65A21DBBFDE0072C511 /* iDinnerTests.swift */ = {isa = PBXFileReference; lastKnownFileType = sourcecode.swift; path = iDinnerTests.swift; sourceTree = "<group>"; };
		841EF65C21DBBFDE0072C511 /* Info.plist */ = {isa = PBXFileReference; lastKnownFileType = text.plist.xml; path = Info.plist; sourceTree = "<group>"; };
		841EF66121DBBFDE0072C511 /* iDinnerUITests.xctest */ = {isa = PBXFileReference; explicitFileType = wrapper.cfbundle; includeInIndex = 0; path = iDinnerUITests.xctest; sourceTree = BUILT_PRODUCTS_DIR; };
		841EF66521DBBFDE0072C511 /* iDinnerUITests.swift */ = {isa = PBXFileReference; lastKnownFileType = sourcecode.swift; path = iDinnerUITests.swift; sourceTree = "<group>"; };
		841EF66721DBBFDE0072C511 /* Info.plist */ = {isa = PBXFileReference; lastKnownFileType = text.plist.xml; path = Info.plist; sourceTree = "<group>"; };
		841EF67321DBC0160072C511 /* MainViewController.swift */ = {isa = PBXFileReference; lastKnownFileType = sourcecode.swift; path = MainViewController.swift; sourceTree = "<group>"; };
		841EF67421DBC0160072C511 /* MainViewController.xib */ = {isa = PBXFileReference; lastKnownFileType = file.xib; path = MainViewController.xib; sourceTree = "<group>"; };
		841EF67821DBD0810072C511 /* Group.swift */ = {isa = PBXFileReference; lastKnownFileType = sourcecode.swift; path = Group.swift; sourceTree = "<group>"; };
		841EF67A21DBD0AD0072C511 /* Menu.swift */ = {isa = PBXFileReference; lastKnownFileType = sourcecode.swift; path = Menu.swift; sourceTree = "<group>"; };
		841EF67C21DBD0EA0072C511 /* User.swift */ = {isa = PBXFileReference; lastKnownFileType = sourcecode.swift; path = User.swift; sourceTree = "<group>"; };
		841EF68121DBD4290072C511 /* MainTableViewCell.swift */ = {isa = PBXFileReference; lastKnownFileType = sourcecode.swift; path = MainTableViewCell.swift; sourceTree = "<group>"; };
		841EF68221DBD4290072C511 /* MainTableViewCell.xib */ = {isa = PBXFileReference; lastKnownFileType = file.xib; path = MainTableViewCell.xib; sourceTree = "<group>"; };
		841EF68C21DBDA5C0072C511 /* UsersViewController.swift */ = {isa = PBXFileReference; lastKnownFileType = sourcecode.swift; path = UsersViewController.swift; sourceTree = "<group>"; };
		841EF68D21DBDA5C0072C511 /* UsersViewController.xib */ = {isa = PBXFileReference; lastKnownFileType = file.xib; path = UsersViewController.xib; sourceTree = "<group>"; };
		84C0D65B21E2762B00474B42 /* UsersAddViewController.swift */ = {isa = PBXFileReference; lastKnownFileType = sourcecode.swift; path = UsersAddViewController.swift; sourceTree = "<group>"; };
		84C0D65C21E2762B00474B42 /* UsersAddViewController.xib */ = {isa = PBXFileReference; lastKnownFileType = file.xib; path = UsersAddViewController.xib; sourceTree = "<group>"; };
		84C0D66321E2769A00474B42 /* UsersShowViewController.swift */ = {isa = PBXFileReference; lastKnownFileType = sourcecode.swift; path = UsersShowViewController.swift; sourceTree = "<group>"; };
		84C0D66421E2769A00474B42 /* UsersShowViewController.xib */ = {isa = PBXFileReference; lastKnownFileType = file.xib; path = UsersShowViewController.xib; sourceTree = "<group>"; };
		AB6F0866CD4D62224D29253C /* Pods-iDinnerTests.debug.xcconfig */ = {isa = PBXFileReference; includeInIndex = 1; lastKnownFileType = text.xcconfig; name = "Pods-iDinnerTests.debug.xcconfig"; path = "Pods/Target Support Files/Pods-iDinnerTests/Pods-iDinnerTests.debug.xcconfig"; sourceTree = "<group>"; };
		C71CCAB05F15C1C6F2E0FEE0 /* Pods-iDinner.debug.xcconfig */ = {isa = PBXFileReference; includeInIndex = 1; lastKnownFileType = text.xcconfig; name = "Pods-iDinner.debug.xcconfig"; path = "Pods/Target Support Files/Pods-iDinner/Pods-iDinner.debug.xcconfig"; sourceTree = "<group>"; };
		DDDFBF0186CD6CC2D77D8AA2 /* Pods_iDinnerUITests.framework */ = {isa = PBXFileReference; explicitFileType = wrapper.framework; includeInIndex = 0; path = Pods_iDinnerUITests.framework; sourceTree = BUILT_PRODUCTS_DIR; };
		EDB382B271C4562D884D4DA2 /* Pods_iDinner.framework */ = {isa = PBXFileReference; explicitFileType = wrapper.framework; includeInIndex = 0; path = Pods_iDinner.framework; sourceTree = BUILT_PRODUCTS_DIR; };
		EE1F5CEE049D8ECC3F840B39 /* Pods_iDinnerTests.framework */ = {isa = PBXFileReference; explicitFileType = wrapper.framework; includeInIndex = 0; path = Pods_iDinnerTests.framework; sourceTree = BUILT_PRODUCTS_DIR; };
/* End PBXFileReference section */

/* Begin PBXFrameworksBuildPhase section */
		841EF63F21DBBFDC0072C511 /* Frameworks */ = {
			isa = PBXFrameworksBuildPhase;
			buildActionMask = 2147483647;
			files = (
				D35E8891805ED9082533FFBF /* Pods_iDinner.framework in Frameworks */,
			);
			runOnlyForDeploymentPostprocessing = 0;
		};
		841EF65321DBBFDE0072C511 /* Frameworks */ = {
			isa = PBXFrameworksBuildPhase;
			buildActionMask = 2147483647;
			files = (
				827306B45BB3BC03D1F10C5E /* Pods_iDinnerTests.framework in Frameworks */,
			);
			runOnlyForDeploymentPostprocessing = 0;
		};
		841EF65E21DBBFDE0072C511 /* Frameworks */ = {
			isa = PBXFrameworksBuildPhase;
			buildActionMask = 2147483647;
			files = (
				4771F1D5347EABAE244D6D2C /* Pods_iDinnerUITests.framework in Frameworks */,
			);
			runOnlyForDeploymentPostprocessing = 0;
		};
/* End PBXFrameworksBuildPhase section */

/* Begin PBXGroup section */
		5D48D87621E952C400BBE88D /* UsersUpdateViewController */ = {
			isa = PBXGroup;
			children = (
				5D48D87721E9530300BBE88D /* UsersUpdateViewController.swift */,
				5D48D87821E9530300BBE88D /* UsersUpdateViewController.xib */,
			);
			path = UsersUpdateViewController;
			sourceTree = "<group>";
		};
		5DE627D521E903E50075120E /* Entities */ = {
			isa = PBXGroup;
			children = (
				5DE627DA21E9044B0075120E /* UserEntity.swift */,
			);
			path = Entities;
			sourceTree = "<group>";
		};
		5DE627DC21E911740075120E /* MainTableViewCell */ = {
			isa = PBXGroup;
			children = (
				841EF68121DBD4290072C511 /* MainTableViewCell.swift */,
				841EF68221DBD4290072C511 /* MainTableViewCell.xib */,
			);
			path = MainTableViewCell;
			sourceTree = "<group>";
		};
		5DE627DE21E911B90075120E /* ShowListsTableViewCell */ = {
			isa = PBXGroup;
			children = (
				5DE627DF21E912590075120E /* ShowListsTableViewCell.swift */,
				5DE627E021E912590075120E /* ShowListsTableViewCell.xib */,
			);
			path = ShowListsTableViewCell;
			sourceTree = "<group>";
		};
		5DE627E321E91EC00075120E /* Repositories */ = {
			isa = PBXGroup;
			children = (
				5DE627E421E91F0E0075120E /* Repository.swift */,
				5DE627E621E91F410075120E /* UserRepository.swift */,
			);
			path = Repositories;
			sourceTree = "<group>";
		};
		68277AF31257B8964E7B041B /* Frameworks */ = {
			isa = PBXGroup;
			children = (
				EDB382B271C4562D884D4DA2 /* Pods_iDinner.framework */,
				EE1F5CEE049D8ECC3F840B39 /* Pods_iDinnerTests.framework */,
				DDDFBF0186CD6CC2D77D8AA2 /* Pods_iDinnerUITests.framework */,
			);
			name = Frameworks;
			sourceTree = "<group>";
		};
		70B9C535AB015F6AD264E8F0 /* Pods */ = {
			isa = PBXGroup;
			children = (
				C71CCAB05F15C1C6F2E0FEE0 /* Pods-iDinner.debug.xcconfig */,
				7A9FF1DA407CB541072C2A65 /* Pods-iDinner.release.xcconfig */,
				AB6F0866CD4D62224D29253C /* Pods-iDinnerTests.debug.xcconfig */,
				19FC9805354208EB6BA9E4E4 /* Pods-iDinnerTests.release.xcconfig */,
				7CB54A8299F18415057F3AF5 /* Pods-iDinnerUITests.debug.xcconfig */,
				546EA43354AB103BC613FEBD /* Pods-iDinnerUITests.release.xcconfig */,
			);
			name = Pods;
			sourceTree = "<group>";
		};
		841EF63921DBBFDC0072C511 = {
			isa = PBXGroup;
			children = (
				841EF64421DBBFDC0072C511 /* iDinner */,
				841EF65921DBBFDE0072C511 /* iDinnerTests */,
				841EF66421DBBFDE0072C511 /* iDinnerUITests */,
				841EF64321DBBFDC0072C511 /* Products */,
				70B9C535AB015F6AD264E8F0 /* Pods */,
				68277AF31257B8964E7B041B /* Frameworks */,
			);
			sourceTree = "<group>";
		};
		841EF64321DBBFDC0072C511 /* Products */ = {
			isa = PBXGroup;
			children = (
				841EF64221DBBFDC0072C511 /* iDinner.app */,
				841EF65621DBBFDE0072C511 /* iDinnerTests.xctest */,
				841EF66121DBBFDE0072C511 /* iDinnerUITests.xctest */,
			);
			name = Products;
			sourceTree = "<group>";
		};
		841EF64421DBBFDC0072C511 /* iDinner */ = {
			isa = PBXGroup;
			children = (
				5DE627E321E91EC00075120E /* Repositories */,
				5DE627D521E903E50075120E /* Entities */,
				841EF68021DBD2680072C511 /* Cells */,
				841EF67E21DBD23A0072C511 /* ViewControllers */,
				841EF67721DBD06C0072C511 /* Model */,
				841EF64521DBBFDC0072C511 /* AppDelegate.swift */,
				841EF64C21DBBFDE0072C511 /* Assets.xcassets */,
				841EF64E21DBBFDE0072C511 /* LaunchScreen.storyboard */,
				841EF65121DBBFDE0072C511 /* Info.plist */,
			);
			path = iDinner;
			sourceTree = "<group>";
		};
		841EF65921DBBFDE0072C511 /* iDinnerTests */ = {
			isa = PBXGroup;
			children = (
				841EF65A21DBBFDE0072C511 /* iDinnerTests.swift */,
				841EF65C21DBBFDE0072C511 /* Info.plist */,
			);
			path = iDinnerTests;
			sourceTree = "<group>";
		};
		841EF66421DBBFDE0072C511 /* iDinnerUITests */ = {
			isa = PBXGroup;
			children = (
				841EF66521DBBFDE0072C511 /* iDinnerUITests.swift */,
				841EF66721DBBFDE0072C511 /* Info.plist */,
			);
			path = iDinnerUITests;
			sourceTree = "<group>";
		};
		841EF67721DBD06C0072C511 /* Model */ = {
			isa = PBXGroup;
			children = (
				841EF67821DBD0810072C511 /* Group.swift */,
				841EF67A21DBD0AD0072C511 /* Menu.swift */,
				841EF67C21DBD0EA0072C511 /* User.swift */,
			);
			path = Model;
			sourceTree = "<group>";
		};
		841EF67E21DBD23A0072C511 /* ViewControllers */ = {
			isa = PBXGroup;
			children = (
				5D48D87621E952C400BBE88D /* UsersUpdateViewController */,
				84C0D63A21E2752900474B42 /* UsersShowViewController */,
				84C0D63821E2750A00474B42 /* UsersAddViewController */,
				841EF68A21DBD9D50072C511 /* UsersViewController */,
				841EF67F21DBD2500072C511 /* MainViewController */,
			);
			path = ViewControllers;
			sourceTree = "<group>";
		};
		841EF67F21DBD2500072C511 /* MainViewController */ = {
			isa = PBXGroup;
			children = (
				841EF67321DBC0160072C511 /* MainViewController.swift */,
				841EF67421DBC0160072C511 /* MainViewController.xib */,
			);
			path = MainViewController;
			sourceTree = "<group>";
		};
		841EF68021DBD2680072C511 /* Cells */ = {
			isa = PBXGroup;
			children = (
				5DE627DE21E911B90075120E /* ShowListsTableViewCell */,
				5DE627DC21E911740075120E /* MainTableViewCell */,
			);
			path = Cells;
			sourceTree = "<group>";
		};
		841EF68A21DBD9D50072C511 /* UsersViewController */ = {
			isa = PBXGroup;
			children = (
				841EF68C21DBDA5C0072C511 /* UsersViewController.swift */,
				841EF68D21DBDA5C0072C511 /* UsersViewController.xib */,
			);
			path = UsersViewController;
			sourceTree = "<group>";
		};
		84C0D63821E2750A00474B42 /* UsersAddViewController */ = {
			isa = PBXGroup;
			children = (
				84C0D65B21E2762B00474B42 /* UsersAddViewController.swift */,
				84C0D65C21E2762B00474B42 /* UsersAddViewController.xib */,
			);
			path = UsersAddViewController;
			sourceTree = "<group>";
		};
		84C0D63A21E2752900474B42 /* UsersShowViewController */ = {
			isa = PBXGroup;
			children = (
				84C0D66321E2769A00474B42 /* UsersShowViewController.swift */,
				84C0D66421E2769A00474B42 /* UsersShowViewController.xib */,
			);
			path = UsersShowViewController;
			sourceTree = "<group>";
		};
/* End PBXGroup section */

/* Begin PBXNativeTarget section */
		841EF64121DBBFDC0072C511 /* iDinner */ = {
			isa = PBXNativeTarget;
			buildConfigurationList = 841EF66A21DBBFDE0072C511 /* Build configuration list for PBXNativeTarget "iDinner" */;
			buildPhases = (
				4B1F7EBE35BA67B164A23497 /* [CP] Check Pods Manifest.lock */,
				841EF63E21DBBFDC0072C511 /* Sources */,
				841EF63F21DBBFDC0072C511 /* Frameworks */,
				841EF64021DBBFDC0072C511 /* Resources */,
				BEB8CD47B41209EC86C5BFCF /* [CP] Embed Pods Frameworks */,
			);
			buildRules = (
			);
			dependencies = (
			);
			name = iDinner;
			productName = iDinner;
			productReference = 841EF64221DBBFDC0072C511 /* iDinner.app */;
			productType = "com.apple.product-type.application";
		};
		841EF65521DBBFDE0072C511 /* iDinnerTests */ = {
			isa = PBXNativeTarget;
			buildConfigurationList = 841EF66D21DBBFDE0072C511 /* Build configuration list for PBXNativeTarget "iDinnerTests" */;
			buildPhases = (
				41D7857ED0C6E908069502F6 /* [CP] Check Pods Manifest.lock */,
				841EF65221DBBFDE0072C511 /* Sources */,
				841EF65321DBBFDE0072C511 /* Frameworks */,
				841EF65421DBBFDE0072C511 /* Resources */,
			);
			buildRules = (
			);
			dependencies = (
				841EF65821DBBFDE0072C511 /* PBXTargetDependency */,
			);
			name = iDinnerTests;
			productName = iDinnerTests;
			productReference = 841EF65621DBBFDE0072C511 /* iDinnerTests.xctest */;
			productType = "com.apple.product-type.bundle.unit-test";
		};
		841EF66021DBBFDE0072C511 /* iDinnerUITests */ = {
			isa = PBXNativeTarget;
			buildConfigurationList = 841EF67021DBBFDE0072C511 /* Build configuration list for PBXNativeTarget "iDinnerUITests" */;
			buildPhases = (
				2920A4D0B2010A432AB1F4AB /* [CP] Check Pods Manifest.lock */,
				841EF65D21DBBFDE0072C511 /* Sources */,
				841EF65E21DBBFDE0072C511 /* Frameworks */,
				841EF65F21DBBFDE0072C511 /* Resources */,
			);
			buildRules = (
			);
			dependencies = (
				841EF66321DBBFDE0072C511 /* PBXTargetDependency */,
			);
			name = iDinnerUITests;
			productName = iDinnerUITests;
			productReference = 841EF66121DBBFDE0072C511 /* iDinnerUITests.xctest */;
			productType = "com.apple.product-type.bundle.ui-testing";
		};
/* End PBXNativeTarget section */

/* Begin PBXProject section */
		841EF63A21DBBFDC0072C511 /* Project object */ = {
			isa = PBXProject;
			attributes = {
				LastSwiftUpdateCheck = 1000;
				LastUpgradeCheck = 1000;
				ORGANIZATIONNAME = Biolizard;
				TargetAttributes = {
					841EF64121DBBFDC0072C511 = {
						CreatedOnToolsVersion = 10.0;
					};
					841EF65521DBBFDE0072C511 = {
						CreatedOnToolsVersion = 10.0;
						TestTargetID = 841EF64121DBBFDC0072C511;
					};
					841EF66021DBBFDE0072C511 = {
						CreatedOnToolsVersion = 10.0;
						TestTargetID = 841EF64121DBBFDC0072C511;
					};
				};
			};
			buildConfigurationList = 841EF63D21DBBFDC0072C511 /* Build configuration list for PBXProject "iDinner" */;
			compatibilityVersion = "Xcode 9.3";
			developmentRegion = en;
			hasScannedForEncodings = 0;
			knownRegions = (
				en,
				Base,
			);
			mainGroup = 841EF63921DBBFDC0072C511;
			productRefGroup = 841EF64321DBBFDC0072C511 /* Products */;
			projectDirPath = "";
			projectRoot = "";
			targets = (
				841EF64121DBBFDC0072C511 /* iDinner */,
				841EF65521DBBFDE0072C511 /* iDinnerTests */,
				841EF66021DBBFDE0072C511 /* iDinnerUITests */,
			);
		};
/* End PBXProject section */

/* Begin PBXResourcesBuildPhase section */
		841EF64021DBBFDC0072C511 /* Resources */ = {
			isa = PBXResourcesBuildPhase;
			buildActionMask = 2147483647;
			files = (
				841EF65021DBBFDE0072C511 /* LaunchScreen.storyboard in Resources */,
				841EF68F21DBDA5C0072C511 /* UsersViewController.xib in Resources */,
				841EF67621DBC0160072C511 /* MainViewController.xib in Resources */,
				5DE627E221E912590075120E /* ShowListsTableViewCell.xib in Resources */,
				5D48D87A21E9530300BBE88D /* UsersUpdateViewController.xib in Resources */,
				84C0D65E21E2762B00474B42 /* UsersAddViewController.xib in Resources */,
				841EF68421DBD4290072C511 /* MainTableViewCell.xib in Resources */,
				84C0D66621E2769A00474B42 /* UsersShowViewController.xib in Resources */,
				841EF64D21DBBFDE0072C511 /* Assets.xcassets in Resources */,
			);
			runOnlyForDeploymentPostprocessing = 0;
		};
		841EF65421DBBFDE0072C511 /* Resources */ = {
			isa = PBXResourcesBuildPhase;
			buildActionMask = 2147483647;
			files = (
			);
			runOnlyForDeploymentPostprocessing = 0;
		};
		841EF65F21DBBFDE0072C511 /* Resources */ = {
			isa = PBXResourcesBuildPhase;
			buildActionMask = 2147483647;
			files = (
			);
			runOnlyForDeploymentPostprocessing = 0;
		};
/* End PBXResourcesBuildPhase section */

/* Begin PBXShellScriptBuildPhase section */
		2920A4D0B2010A432AB1F4AB /* [CP] Check Pods Manifest.lock */ = {
			isa = PBXShellScriptBuildPhase;
			buildActionMask = 2147483647;
			files = (
			);
			inputFileListPaths = (
			);
			inputPaths = (
				"${PODS_PODFILE_DIR_PATH}/Podfile.lock",
				"${PODS_ROOT}/Manifest.lock",
			);
			name = "[CP] Check Pods Manifest.lock";
			outputFileListPaths = (
			);
			outputPaths = (
				"$(DERIVED_FILE_DIR)/Pods-iDinnerUITests-checkManifestLockResult.txt",
			);
			runOnlyForDeploymentPostprocessing = 0;
			shellPath = /bin/sh;
			shellScript = "diff \"${PODS_PODFILE_DIR_PATH}/Podfile.lock\" \"${PODS_ROOT}/Manifest.lock\" > /dev/null\nif [ $? != 0 ] ; then\n    # print error to STDERR\n    echo \"error: The sandbox is not in sync with the Podfile.lock. Run 'pod install' or update your CocoaPods installation.\" >&2\n    exit 1\nfi\n# This output is used by Xcode 'outputs' to avoid re-running this script phase.\necho \"SUCCESS\" > \"${SCRIPT_OUTPUT_FILE_0}\"\n";
			showEnvVarsInLog = 0;
		};
		41D7857ED0C6E908069502F6 /* [CP] Check Pods Manifest.lock */ = {
			isa = PBXShellScriptBuildPhase;
			buildActionMask = 2147483647;
			files = (
			);
			inputFileListPaths = (
			);
			inputPaths = (
				"${PODS_PODFILE_DIR_PATH}/Podfile.lock",
				"${PODS_ROOT}/Manifest.lock",
			);
			name = "[CP] Check Pods Manifest.lock";
			outputFileListPaths = (
			);
			outputPaths = (
				"$(DERIVED_FILE_DIR)/Pods-iDinnerTests-checkManifestLockResult.txt",
			);
			runOnlyForDeploymentPostprocessing = 0;
			shellPath = /bin/sh;
			shellScript = "diff \"${PODS_PODFILE_DIR_PATH}/Podfile.lock\" \"${PODS_ROOT}/Manifest.lock\" > /dev/null\nif [ $? != 0 ] ; then\n    # print error to STDERR\n    echo \"error: The sandbox is not in sync with the Podfile.lock. Run 'pod install' or update your CocoaPods installation.\" >&2\n    exit 1\nfi\n# This output is used by Xcode 'outputs' to avoid re-running this script phase.\necho \"SUCCESS\" > \"${SCRIPT_OUTPUT_FILE_0}\"\n";
			showEnvVarsInLog = 0;
		};
		4B1F7EBE35BA67B164A23497 /* [CP] Check Pods Manifest.lock */ = {
			isa = PBXShellScriptBuildPhase;
			buildActionMask = 2147483647;
			files = (
			);
			inputFileListPaths = (
			);
			inputPaths = (
				"${PODS_PODFILE_DIR_PATH}/Podfile.lock",
				"${PODS_ROOT}/Manifest.lock",
			);
			name = "[CP] Check Pods Manifest.lock";
			outputFileListPaths = (
			);
			outputPaths = (
				"$(DERIVED_FILE_DIR)/Pods-iDinner-checkManifestLockResult.txt",
			);
			runOnlyForDeploymentPostprocessing = 0;
			shellPath = /bin/sh;
			shellScript = "diff \"${PODS_PODFILE_DIR_PATH}/Podfile.lock\" \"${PODS_ROOT}/Manifest.lock\" > /dev/null\nif [ $? != 0 ] ; then\n    # print error to STDERR\n    echo \"error: The sandbox is not in sync with the Podfile.lock. Run 'pod install' or update your CocoaPods installation.\" >&2\n    exit 1\nfi\n# This output is used by Xcode 'outputs' to avoid re-running this script phase.\necho \"SUCCESS\" > \"${SCRIPT_OUTPUT_FILE_0}\"\n";
			showEnvVarsInLog = 0;
		};
		BEB8CD47B41209EC86C5BFCF /* [CP] Embed Pods Frameworks */ = {
			isa = PBXShellScriptBuildPhase;
			buildActionMask = 2147483647;
			files = (
			);
			inputFileListPaths = (
			);
			inputPaths = (
				"${SRCROOT}/Pods/Target Support Files/Pods-iDinner/Pods-iDinner-frameworks.sh",
				"${BUILT_PRODUCTS_DIR}/Realm/Realm.framework",
				"${BUILT_PRODUCTS_DIR}/RealmSwift/RealmSwift.framework",
			);
			name = "[CP] Embed Pods Frameworks";
			outputFileListPaths = (
			);
			outputPaths = (
				"${TARGET_BUILD_DIR}/${FRAMEWORKS_FOLDER_PATH}/Realm.framework",
				"${TARGET_BUILD_DIR}/${FRAMEWORKS_FOLDER_PATH}/RealmSwift.framework",
			);
			runOnlyForDeploymentPostprocessing = 0;
			shellPath = /bin/sh;
			shellScript = "\"${SRCROOT}/Pods/Target Support Files/Pods-iDinner/Pods-iDinner-frameworks.sh\"\n";
			showEnvVarsInLog = 0;
		};
/* End PBXShellScriptBuildPhase section */

/* Begin PBXSourcesBuildPhase section */
		841EF63E21DBBFDC0072C511 /* Sources */ = {
			isa = PBXSourcesBuildPhase;
			buildActionMask = 2147483647;
			files = (
				841EF67921DBD0810072C511 /* Group.swift in Sources */,
				5D48D87921E9530300BBE88D /* UsersUpdateViewController.swift in Sources */,
				84C0D65D21E2762B00474B42 /* UsersAddViewController.swift in Sources */,
				841EF64621DBBFDC0072C511 /* AppDelegate.swift in Sources */,
				5DE627DB21E9044B0075120E /* UserEntity.swift in Sources */,
				841EF67B21DBD0AD0072C511 /* Menu.swift in Sources */,
				841EF67D21DBD0EA0072C511 /* User.swift in Sources */,
				5DE627E521E91F0E0075120E /* Repository.swift in Sources */,
				84C0D66521E2769A00474B42 /* UsersShowViewController.swift in Sources */,
				841EF68E21DBDA5C0072C511 /* UsersViewController.swift in Sources */,
				5DE627E721E91F410075120E /* UserRepository.swift in Sources */,
				5DE627E121E912590075120E /* ShowListsTableViewCell.swift in Sources */,
				841EF68321DBD4290072C511 /* MainTableViewCell.swift in Sources */,
				841EF67521DBC0160072C511 /* MainViewController.swift in Sources */,
			);
			runOnlyForDeploymentPostprocessing = 0;
		};
		841EF65221DBBFDE0072C511 /* Sources */ = {
			isa = PBXSourcesBuildPhase;
			buildActionMask = 2147483647;
			files = (
				841EF65B21DBBFDE0072C511 /* iDinnerTests.swift in Sources */,
			);
			runOnlyForDeploymentPostprocessing = 0;
		};
		841EF65D21DBBFDE0072C511 /* Sources */ = {
			isa = PBXSourcesBuildPhase;
			buildActionMask = 2147483647;
			files = (
				841EF66621DBBFDE0072C511 /* iDinnerUITests.swift in Sources */,
			);
			runOnlyForDeploymentPostprocessing = 0;
		};
/* End PBXSourcesBuildPhase section */

/* Begin PBXTargetDependency section */
		841EF65821DBBFDE0072C511 /* PBXTargetDependency */ = {
			isa = PBXTargetDependency;
			target = 841EF64121DBBFDC0072C511 /* iDinner */;
			targetProxy = 841EF65721DBBFDE0072C511 /* PBXContainerItemProxy */;
		};
		841EF66321DBBFDE0072C511 /* PBXTargetDependency */ = {
			isa = PBXTargetDependency;
			target = 841EF64121DBBFDC0072C511 /* iDinner */;
			targetProxy = 841EF66221DBBFDE0072C511 /* PBXContainerItemProxy */;
		};
/* End PBXTargetDependency section */

/* Begin PBXVariantGroup section */
		841EF64E21DBBFDE0072C511 /* LaunchScreen.storyboard */ = {
			isa = PBXVariantGroup;
			children = (
				841EF64F21DBBFDE0072C511 /* Base */,
			);
			name = LaunchScreen.storyboard;
			sourceTree = "<group>";
		};
/* End PBXVariantGroup section */

/* Begin XCBuildConfiguration section */
		841EF66821DBBFDE0072C511 /* Debug */ = {
			isa = XCBuildConfiguration;
			buildSettings = {
				ALWAYS_SEARCH_USER_PATHS = NO;
				CLANG_ANALYZER_NONNULL = YES;
				CLANG_ANALYZER_NUMBER_OBJECT_CONVERSION = YES_AGGRESSIVE;
				CLANG_CXX_LANGUAGE_STANDARD = "gnu++14";
				CLANG_CXX_LIBRARY = "libc++";
				CLANG_ENABLE_MODULES = YES;
				CLANG_ENABLE_OBJC_ARC = YES;
				CLANG_ENABLE_OBJC_WEAK = YES;
				CLANG_WARN_BLOCK_CAPTURE_AUTORELEASING = YES;
				CLANG_WARN_BOOL_CONVERSION = YES;
				CLANG_WARN_COMMA = YES;
				CLANG_WARN_CONSTANT_CONVERSION = YES;
				CLANG_WARN_DEPRECATED_OBJC_IMPLEMENTATIONS = YES;
				CLANG_WARN_DIRECT_OBJC_ISA_USAGE = YES_ERROR;
				CLANG_WARN_DOCUMENTATION_COMMENTS = YES;
				CLANG_WARN_EMPTY_BODY = YES;
				CLANG_WARN_ENUM_CONVERSION = YES;
				CLANG_WARN_INFINITE_RECURSION = YES;
				CLANG_WARN_INT_CONVERSION = YES;
				CLANG_WARN_NON_LITERAL_NULL_CONVERSION = YES;
				CLANG_WARN_OBJC_IMPLICIT_RETAIN_SELF = YES;
				CLANG_WARN_OBJC_LITERAL_CONVERSION = YES;
				CLANG_WARN_OBJC_ROOT_CLASS = YES_ERROR;
				CLANG_WARN_RANGE_LOOP_ANALYSIS = YES;
				CLANG_WARN_STRICT_PROTOTYPES = YES;
				CLANG_WARN_SUSPICIOUS_MOVE = YES;
				CLANG_WARN_UNGUARDED_AVAILABILITY = YES_AGGRESSIVE;
				CLANG_WARN_UNREACHABLE_CODE = YES;
				CLANG_WARN__DUPLICATE_METHOD_MATCH = YES;
				CODE_SIGN_IDENTITY = "iPhone Developer";
				COPY_PHASE_STRIP = NO;
				DEBUG_INFORMATION_FORMAT = dwarf;
				ENABLE_STRICT_OBJC_MSGSEND = YES;
				ENABLE_TESTABILITY = YES;
				GCC_C_LANGUAGE_STANDARD = gnu11;
				GCC_DYNAMIC_NO_PIC = NO;
				GCC_NO_COMMON_BLOCKS = YES;
				GCC_OPTIMIZATION_LEVEL = 0;
				GCC_PREPROCESSOR_DEFINITIONS = (
					"DEBUG=1",
					"$(inherited)",
				);
				GCC_WARN_64_TO_32_BIT_CONVERSION = YES;
				GCC_WARN_ABOUT_RETURN_TYPE = YES_ERROR;
				GCC_WARN_UNDECLARED_SELECTOR = YES;
				GCC_WARN_UNINITIALIZED_AUTOS = YES_AGGRESSIVE;
				GCC_WARN_UNUSED_FUNCTION = YES;
				GCC_WARN_UNUSED_VARIABLE = YES;
				IPHONEOS_DEPLOYMENT_TARGET = 12.0;
				MTL_ENABLE_DEBUG_INFO = INCLUDE_SOURCE;
				MTL_FAST_MATH = YES;
				ONLY_ACTIVE_ARCH = YES;
				SDKROOT = iphoneos;
				SWIFT_ACTIVE_COMPILATION_CONDITIONS = DEBUG;
				SWIFT_OPTIMIZATION_LEVEL = "-Onone";
			};
			name = Debug;
		};
		841EF66921DBBFDE0072C511 /* Release */ = {
			isa = XCBuildConfiguration;
			buildSettings = {
				ALWAYS_SEARCH_USER_PATHS = NO;
				CLANG_ANALYZER_NONNULL = YES;
				CLANG_ANALYZER_NUMBER_OBJECT_CONVERSION = YES_AGGRESSIVE;
				CLANG_CXX_LANGUAGE_STANDARD = "gnu++14";
				CLANG_CXX_LIBRARY = "libc++";
				CLANG_ENABLE_MODULES = YES;
				CLANG_ENABLE_OBJC_ARC = YES;
				CLANG_ENABLE_OBJC_WEAK = YES;
				CLANG_WARN_BLOCK_CAPTURE_AUTORELEASING = YES;
				CLANG_WARN_BOOL_CONVERSION = YES;
				CLANG_WARN_COMMA = YES;
				CLANG_WARN_CONSTANT_CONVERSION = YES;
				CLANG_WARN_DEPRECATED_OBJC_IMPLEMENTATIONS = YES;
				CLANG_WARN_DIRECT_OBJC_ISA_USAGE = YES_ERROR;
				CLANG_WARN_DOCUMENTATION_COMMENTS = YES;
				CLANG_WARN_EMPTY_BODY = YES;
				CLANG_WARN_ENUM_CONVERSION = YES;
				CLANG_WARN_INFINITE_RECURSION = YES;
				CLANG_WARN_INT_CONVERSION = YES;
				CLANG_WARN_NON_LITERAL_NULL_CONVERSION = YES;
				CLANG_WARN_OBJC_IMPLICIT_RETAIN_SELF = YES;
				CLANG_WARN_OBJC_LITERAL_CONVERSION = YES;
				CLANG_WARN_OBJC_ROOT_CLASS = YES_ERROR;
				CLANG_WARN_RANGE_LOOP_ANALYSIS = YES;
				CLANG_WARN_STRICT_PROTOTYPES = YES;
				CLANG_WARN_SUSPICIOUS_MOVE = YES;
				CLANG_WARN_UNGUARDED_AVAILABILITY = YES_AGGRESSIVE;
				CLANG_WARN_UNREACHABLE_CODE = YES;
				CLANG_WARN__DUPLICATE_METHOD_MATCH = YES;
				CODE_SIGN_IDENTITY = "iPhone Developer";
				COPY_PHASE_STRIP = NO;
				DEBUG_INFORMATION_FORMAT = "dwarf-with-dsym";
				ENABLE_NS_ASSERTIONS = NO;
				ENABLE_STRICT_OBJC_MSGSEND = YES;
				GCC_C_LANGUAGE_STANDARD = gnu11;
				GCC_NO_COMMON_BLOCKS = YES;
				GCC_WARN_64_TO_32_BIT_CONVERSION = YES;
				GCC_WARN_ABOUT_RETURN_TYPE = YES_ERROR;
				GCC_WARN_UNDECLARED_SELECTOR = YES;
				GCC_WARN_UNINITIALIZED_AUTOS = YES_AGGRESSIVE;
				GCC_WARN_UNUSED_FUNCTION = YES;
				GCC_WARN_UNUSED_VARIABLE = YES;
				IPHONEOS_DEPLOYMENT_TARGET = 12.0;
				MTL_ENABLE_DEBUG_INFO = NO;
				MTL_FAST_MATH = YES;
				SDKROOT = iphoneos;
				SWIFT_COMPILATION_MODE = wholemodule;
				SWIFT_OPTIMIZATION_LEVEL = "-O";
				VALIDATE_PRODUCT = YES;
			};
			name = Release;
		};
		841EF66B21DBBFDE0072C511 /* Debug */ = {
			isa = XCBuildConfiguration;
			baseConfigurationReference = C71CCAB05F15C1C6F2E0FEE0 /* Pods-iDinner.debug.xcconfig */;
			buildSettings = {
				ASSETCATALOG_COMPILER_APPICON_NAME = AppIcon;
				CODE_SIGN_STYLE = Automatic;
				DEVELOPMENT_TEAM = NMC77CL7A3;
				INFOPLIST_FILE = iDinner/Info.plist;
				LD_RUNPATH_SEARCH_PATHS = (
					"$(inherited)",
					"@executable_path/Frameworks",
				);
				PRODUCT_BUNDLE_IDENTIFIER = "onion-project.iDinner";
				PRODUCT_NAME = "$(TARGET_NAME)";
				SWIFT_VERSION = 4.2;
				TARGETED_DEVICE_FAMILY = "1,2";
			};
			name = Debug;
		};
		841EF66C21DBBFDE0072C511 /* Release */ = {
			isa = XCBuildConfiguration;
			baseConfigurationReference = 7A9FF1DA407CB541072C2A65 /* Pods-iDinner.release.xcconfig */;
			buildSettings = {
				ASSETCATALOG_COMPILER_APPICON_NAME = AppIcon;
				CODE_SIGN_STYLE = Automatic;
				DEVELOPMENT_TEAM = NMC77CL7A3;
				INFOPLIST_FILE = iDinner/Info.plist;
				LD_RUNPATH_SEARCH_PATHS = (
					"$(inherited)",
					"@executable_path/Frameworks",
				);
				PRODUCT_BUNDLE_IDENTIFIER = "onion-project.iDinner";
				PRODUCT_NAME = "$(TARGET_NAME)";
				SWIFT_VERSION = 4.2;
				TARGETED_DEVICE_FAMILY = "1,2";
			};
			name = Release;
		};
		841EF66E21DBBFDE0072C511 /* Debug */ = {
			isa = XCBuildConfiguration;
			baseConfigurationReference = AB6F0866CD4D62224D29253C /* Pods-iDinnerTests.debug.xcconfig */;
			buildSettings = {
				ALWAYS_EMBED_SWIFT_STANDARD_LIBRARIES = YES;
				BUNDLE_LOADER = "$(TEST_HOST)";
				CODE_SIGN_STYLE = Automatic;
				DEVELOPMENT_TEAM = NMC77CL7A3;
				INFOPLIST_FILE = iDinnerTests/Info.plist;
				LD_RUNPATH_SEARCH_PATHS = (
					"$(inherited)",
					"@executable_path/Frameworks",
					"@loader_path/Frameworks",
				);
				PRODUCT_BUNDLE_IDENTIFIER = "onion-project.iDinnerTests";
				PRODUCT_NAME = "$(TARGET_NAME)";
				SWIFT_VERSION = 4.2;
				TARGETED_DEVICE_FAMILY = "1,2";
				TEST_HOST = "$(BUILT_PRODUCTS_DIR)/iDinner.app/iDinner";
			};
			name = Debug;
		};
		841EF66F21DBBFDE0072C511 /* Release */ = {
			isa = XCBuildConfiguration;
			baseConfigurationReference = 19FC9805354208EB6BA9E4E4 /* Pods-iDinnerTests.release.xcconfig */;
			buildSettings = {
				ALWAYS_EMBED_SWIFT_STANDARD_LIBRARIES = YES;
				BUNDLE_LOADER = "$(TEST_HOST)";
				CODE_SIGN_STYLE = Automatic;
				DEVELOPMENT_TEAM = NMC77CL7A3;
				INFOPLIST_FILE = iDinnerTests/Info.plist;
				LD_RUNPATH_SEARCH_PATHS = (
					"$(inherited)",
					"@executable_path/Frameworks",
					"@loader_path/Frameworks",
				);
				PRODUCT_BUNDLE_IDENTIFIER = "onion-project.iDinnerTests";
				PRODUCT_NAME = "$(TARGET_NAME)";
				SWIFT_VERSION = 4.2;
				TARGETED_DEVICE_FAMILY = "1,2";
				TEST_HOST = "$(BUILT_PRODUCTS_DIR)/iDinner.app/iDinner";
			};
			name = Release;
		};
		841EF67121DBBFDE0072C511 /* Debug */ = {
			isa = XCBuildConfiguration;
			baseConfigurationReference = 7CB54A8299F18415057F3AF5 /* Pods-iDinnerUITests.debug.xcconfig */;
			buildSettings = {
				ALWAYS_EMBED_SWIFT_STANDARD_LIBRARIES = YES;
				CODE_SIGN_STYLE = Automatic;
				DEVELOPMENT_TEAM = NMC77CL7A3;
				INFOPLIST_FILE = iDinnerUITests/Info.plist;
				LD_RUNPATH_SEARCH_PATHS = (
					"$(inherited)",
					"@executable_path/Frameworks",
					"@loader_path/Frameworks",
				);
				PRODUCT_BUNDLE_IDENTIFIER = "onion-project.iDinnerUITests";
				PRODUCT_NAME = "$(TARGET_NAME)";
				SWIFT_VERSION = 4.2;
				TARGETED_DEVICE_FAMILY = "1,2";
				TEST_TARGET_NAME = iDinner;
			};
			name = Debug;
		};
		841EF67221DBBFDE0072C511 /* Release */ = {
			isa = XCBuildConfiguration;
			baseConfigurationReference = 546EA43354AB103BC613FEBD /* Pods-iDinnerUITests.release.xcconfig */;
			buildSettings = {
				ALWAYS_EMBED_SWIFT_STANDARD_LIBRARIES = YES;
				CODE_SIGN_STYLE = Automatic;
				DEVELOPMENT_TEAM = NMC77CL7A3;
				INFOPLIST_FILE = iDinnerUITests/Info.plist;
				LD_RUNPATH_SEARCH_PATHS = (
					"$(inherited)",
					"@executable_path/Frameworks",
					"@loader_path/Frameworks",
				);
				PRODUCT_BUNDLE_IDENTIFIER = "onion-project.iDinnerUITests";
				PRODUCT_NAME = "$(TARGET_NAME)";
				SWIFT_VERSION = 4.2;
				TARGETED_DEVICE_FAMILY = "1,2";
				TEST_TARGET_NAME = iDinner;
			};
			name = Release;
		};
/* End XCBuildConfiguration section */

/* Begin XCConfigurationList section */
		841EF63D21DBBFDC0072C511 /* Build configuration list for PBXProject "iDinner" */ = {
			isa = XCConfigurationList;
			buildConfigurations = (
				841EF66821DBBFDE0072C511 /* Debug */,
				841EF66921DBBFDE0072C511 /* Release */,
			);
			defaultConfigurationIsVisible = 0;
			defaultConfigurationName = Release;
		};
		841EF66A21DBBFDE0072C511 /* Build configuration list for PBXNativeTarget "iDinner" */ = {
			isa = XCConfigurationList;
			buildConfigurations = (
				841EF66B21DBBFDE0072C511 /* Debug */,
				841EF66C21DBBFDE0072C511 /* Release */,
			);
			defaultConfigurationIsVisible = 0;
			defaultConfigurationName = Release;
		};
		841EF66D21DBBFDE0072C511 /* Build configuration list for PBXNativeTarget "iDinnerTests" */ = {
			isa = XCConfigurationList;
			buildConfigurations = (
				841EF66E21DBBFDE0072C511 /* Debug */,
				841EF66F21DBBFDE0072C511 /* Release */,
			);
			defaultConfigurationIsVisible = 0;
			defaultConfigurationName = Release;
		};
		841EF67021DBBFDE0072C511 /* Build configuration list for PBXNativeTarget "iDinnerUITests" */ = {
			isa = XCConfigurationList;
			buildConfigurations = (
				841EF67121DBBFDE0072C511 /* Debug */,
				841EF67221DBBFDE0072C511 /* Release */,
			);
			defaultConfigurationIsVisible = 0;
			defaultConfigurationName = Release;
		};
/* End XCConfigurationList section */
	};
	rootObject = 841EF63A21DBBFDC0072C511 /* Project object */;
}
